# This file is autogenerated, do not edit; changes may be undone by the next 'dep ensure'.


[[projects]]
  name = "github.com/HouzuoGuo/tiedot"
  packages = ["data","db","dberr","gommap","tdlog"]
  revision = "96fa90b5e4620f677d2737bc5358329040942adb"
  version = "3.4"

[[projects]]
  branch = "master"
  name = "github.com/jasonlvhit/gocron"
  packages = ["."]
  revision = "42a5804d37aa0b9239b265e894a16b8edbf52d54"

[[projects]]
  branch = "master"
  name = "github.com/yosida95/golang-jenkins"
  packages = ["."]
  revision = "a3291b58511bea732f0dfde1ab0904791f1c9e11"

[solve-meta]
  analyzer-name = "dep"
  analyzer-version = 1
  inputs-digest = "2bff5f1384fd2b23ad7a7bd5888e762ecdeba83cee1098e4ef92dee6ff04e03c"
  solver-name = "gps-cdcl"
  solver-version = 1
